
Microsoft Visual Studio Solution File, Format Version 12.00
# Visual Studio Version 17
VisualStudioVersion = 17.4.33403.182
MinimumVisualStudioVersion = 10.0.40219.1
Project("{FAE04EC0-301F-11D3-BF4B-00C04F79EFBC}") = "BigSchool", "BigSchool\BigSchool.csproj", "{D5EDAD8C-76A5-49E7-AE3C-983281C772C7}"
EndProject
Global
	GlobalSection(SolutionConfigurationPlatforms) = preSolution
		Debug|Any CPU = Debug|Any CPU
		Release|Any CPU = Release|Any CPU
	EndGlobalSection
	GlobalSection(ProjectConfigurationPlatforms) = postSolution
		{D5EDAD8C-76A5-49E7-AE3C-983281C772C7}.Debug|Any CPU.ActiveCfg = Debug|Any CPU
		{D5EDAD8C-76A5-49E7-AE3C-983281C772C7}.Debug|Any CPU.Build.0 = Debug|Any CPU
		{D5EDAD8C-76A5-49E7-AE3C-983281C772C7}.Release|Any CPU.ActiveCfg = Release|Any CPU
		{D5EDAD8C-76A5-49E7-AE3C-983281C772C7}.Release|Any CPU.Build.0 = Release|Any CPU
	EndGlobalSection
	GlobalSection(SolutionProperties) = preSolution
		HideSolutionNode = FALSE
	EndGlobalSection
	GlobalSection(ExtensibilityGlobals) = postSolution
		SolutionGuid = {881902E5-EBBC-446C-98D1-F9D3DE4E3C79}
	EndGlobalSection
EndGlobal
